<Solution>
  <Project Path="Egghead.DictionaryData.Editor.csproj" />
  <Project Path="Egghead.Authentication.csproj" />
  <Project Path="Assembly-CSharp.csproj" />
  <Project Path="Egghead.SaveSystem.Tests.csproj" />
  <Project Path="Assembly-CSharp-Editor.csproj" />
  <Project Path="Egghead.SaveSystem.csproj" />
  <Project Path="Egghead.Gameplay.Tests.csproj" />
  <Project Path="Egghead.Authentication.Tests.csproj" />
  <Project Path="Egghead.DictionaryData.Tests.csproj" />
  <Project Path="Egghead.DictionaryData.csproj" />
</Solution>
